
Microsoft Visual Studio Solution File, Format Version 12.00
# Visual Studio Version 17
VisualStudioVersion = 17.1.32319.34
MinimumVisualStudioVersion = 10.0.40219.1
Project("{FAE04EC0-301F-11D3-BF4B-00C04F79EFBC}") = "billwerkTestTask", "billwerkTestTask\billwerkTestTask.csproj", "{66500EF5-4DB9-4CAD-BAE6-844BE20FA912}"
EndProject
Global
	GlobalSection(SolutionConfigurationPlatforms) = preSolution
		Debug|Any CPU = Debug|Any CPU
		Release|Any CPU = Release|Any CPU
	EndGlobalSection
	GlobalSection(ProjectConfigurationPlatforms) = postSolution
		{66500EF5-4DB9-4CAD-BAE6-844BE20FA912}.Debug|Any CPU.ActiveCfg = Debug|Any CPU
		{66500EF5-4DB9-4CAD-BAE6-844BE20FA912}.Debug|Any CPU.Build.0 = Debug|Any CPU
		{66500EF5-4DB9-4CAD-BAE6-844BE20FA912}.Release|Any CPU.ActiveCfg = Release|Any CPU
		{66500EF5-4DB9-4CAD-BAE6-844BE20FA912}.Release|Any CPU.Build.0 = Release|Any CPU
	EndGlobalSection
	GlobalSection(SolutionProperties) = preSolution
		HideSolutionNode = FALSE
	EndGlobalSection
	GlobalSection(ExtensibilityGlobals) = postSolution
		SolutionGuid = {A8056B48-7B01-4BF5-9749-50B95E26E3CD}
	EndGlobalSection
EndGlobal
